// !$*UTF8*$!
{
	archiveVersion = 1;
	classes = {
	};
	objectVersion = 50;
	objects = {

/* Begin PBXBuildFile section */
		4F966C8524D8500D0079331D /* AppDelegate.swift in Sources */ = {isa = PBXBuildFile; fileRef = 4F966C8424D8500D0079331D /* AppDelegate.swift */; };
		4F966C8724D8500D0079331D /* SceneDelegate.swift in Sources */ = {isa = PBXBuildFile; fileRef = 4F966C8624D8500D0079331D /* SceneDelegate.swift */; };
		4F966C8924D8500D0079331D /* ViewController.swift in Sources */ = {isa = PBXBuildFile; fileRef = 4F966C8824D8500D0079331D /* ViewController.swift */; };
		4F966C8C24D8500D0079331D /* Main.storyboard in Resources */ = {isa = PBXBuildFile; fileRef = 4F966C8A24D8500D0079331D /* Main.storyboard */; };
		4F966C8E24D850100079331D /* Assets.xcassets in Resources */ = {isa = PBXBuildFile; fileRef = 4F966C8D24D850100079331D /* Assets.xcassets */; };
		4F966C9124D850100079331D /* LaunchScreen.storyboard in Resources */ = {isa = PBXBuildFile; fileRef = 4F966C8F24D850100079331D /* LaunchScreen.storyboard */; };
		4F966C9924D852080079331D /* Game.swift in Sources */ = {isa = PBXBuildFile; fileRef = 4F966C9824D852080079331D /* Game.swift */; };
		4F966C9B24D85D460079331D /* Pot.swift in Sources */ = {isa = PBXBuildFile; fileRef = 4F966C9A24D85D460079331D /* Pot.swift */; };
		4F966C9D24D8E7460079331D /* Player.swift in Sources */ = {isa = PBXBuildFile; fileRef = 4F966C9C24D8E7460079331D /* Player.swift */; };
/* End PBXBuildFile section */

/* Begin PBXFileReference section */
		4F966C8124D8500D0079331D /* Ayo.app */ = {isa = PBXFileReference; explicitFileType = wrapper.application; includeInIndex = 0; path = Ayo.app; sourceTree = BUILT_PRODUCTS_DIR; };
		4F966C8424D8500D0079331D /* AppDelegate.swift */ = {isa = PBXFileReference; lastKnownFileType = sourcecode.swift; path = AppDelegate.swift; sourceTree = "<group>"; };
		4F966C8624D8500D0079331D /* SceneDelegate.swift */ = {isa = PBXFileReference; lastKnownFileType = sourcecode.swift; path = SceneDelegate.swift; sourceTree = "<group>"; };
		4F966C8824D8500D0079331D /* ViewController.swift */ = {isa = PBXFileReference; lastKnownFileType = sourcecode.swift; path = ViewController.swift; sourceTree = "<group>"; };
		4F966C8B24D8500D0079331D /* Base */ = {isa = PBXFileReference; lastKnownFileType = file.storyboard; name = Base; path = Base.lproj/Main.storyboard; sourceTree = "<group>"; };
		4F966C8D24D850100079331D /* Assets.xcassets */ = {isa = PBXFileReference; lastKnownFileType = folder.assetcatalog; path = Assets.xcassets; sourceTree = "<group>"; };
		4F966C9024D850100079331D /* Base */ = {isa = PBXFileReference; lastKnownFileType = file.storyboard; name = Base; path = Base.lproj/LaunchScreen.storyboard; sourceTree = "<group>"; };
		4F966C9224D850100079331D /* Info.plist */ = {isa = PBXFileReference; lastKnownFileType = text.plist.xml; path = Info.plist; sourceTree = "<group>"; };
		4F966C9824D852080079331D /* Game.swift */ = {isa = PBXFileReference; lastKnownFileType = sourcecode.swift; path = Game.swift; sourceTree = "<group>"; };
		4F966C9A24D85D460079331D /* Pot.swift */ = {isa = PBXFileReference; lastKnownFileType = sourcecode.swift; path = Pot.swift; sourceTree = "<group>"; };
		4F966C9C24D8E7460079331D /* Player.swift */ = {isa = PBXFileReference; lastKnownFileType = sourcecode.swift; path = Player.swift; sourceTree = "<group>"; };
/* End PBXFileReference section */

/* Begin PBXFrameworksBuildPhase section */
		4F966C7E24D8500C0079331D /* Frameworks */ = {
			isa = PBXFrameworksBuildPhase;
			buildActionMask = 2147483647;
			files = (
			);
			runOnlyForDeploymentPostprocessing = 0;
		};
/* End PBXFrameworksBuildPhase section */

/* Begin PBXGroup section */
		4F966C7824D8500C0079331D = {
			isa = PBXGroup;
			children = (
				4F966C8324D8500D0079331D /* Ayo */,
				4F966C8224D8500D0079331D /* Products */,
			);
			sourceTree = "<group>";
		};
		4F966C8224D8500D0079331D /* Products */ = {
			isa = PBXGroup;
			children = (
				4F966C8124D8500D0079331D /* Ayo.app */,
			);
			name = Products;
			sourceTree = "<group>";
		};
		4F966C8324D8500D0079331D /* Ayo */ = {
			isa = PBXGroup;
			children = (
				4F966C8424D8500D0079331D /* AppDelegate.swift */,
				4F966C8624D8500D0079331D /* SceneDelegate.swift */,
				4F966C8824D8500D0079331D /* ViewController.swift */,
				4F966C9824D852080079331D /* Game.swift */,
				4F966C9A24D85D460079331D /* Pot.swift */,
				4F966C9C24D8E7460079331D /* Player.swift */,
				4F966C8A24D8500D0079331D /* Main.storyboard */,
				4F966C8D24D850100079331D /* Assets.xcassets */,
				4F966C8F24D850100079331D /* LaunchScreen.storyboard */,
				4F966C9224D850100079331D /* Info.plist */,
			);
			path = Ayo;
			sourceTree = "<group>";
		};
/* End PBXGroup section */

/* Begin PBXNativeTarget section */
		4F966C8024D8500C0079331D /* Ayo */ = {
			isa = PBXNativeTarget;
			buildConfigurationList = 4F966C9524D850100079331D /* Build configuration list for PBXNativeTarget "Ayo" */;
			buildPhases = (
				4F966C7D24D8500C0079331D /* Sources */,
				4F966C7E24D8500C0079331D /* Frameworks */,
				4F966C7F24D8500C0079331D /* Resources */,
			);
			buildRules = (
			);
			dependencies = (
			);
			name = Ayo;
			productName = Ayo;
			productReference = 4F966C8124D8500D0079331D /* Ayo.app */;
			productType = "com.apple.product-type.application";
		};
/* End PBXNativeTarget section */

/* Begin PBXProject section */
		4F966C7924D8500C0079331D /* Project object */ = {
			isa = PBXProject;
			attributes = {
				LastSwiftUpdateCheck = 1150;
				LastUpgradeCheck = 1150;
				ORGANIZATIONNAME = "OYEGOKE TOMISIN";
				TargetAttributes = {
					4F966C8024D8500C0079331D = {
						CreatedOnToolsVersion = 11.5;
					};
				};
			};
			buildConfigurationList = 4F966C7C24D8500C0079331D /* Build configuration list for PBXProject "Ayo" */;
			compatibilityVersion = "Xcode 9.3";
			developmentRegion = en;
			hasScannedForEncodings = 0;
			knownRegions = (
				en,
				Base,
			);
			mainGroup = 4F966C7824D8500C0079331D;
			productRefGroup = 4F966C8224D8500D0079331D /* Products */;
			projectDirPath = "";
			projectRoot = "";
			targets = (
				4F966C8024D8500C0079331D /* Ayo */,
			);
		};
/* End PBXProject section */

/* Begin PBXResourcesBuildPhase section */
		4F966C7F24D8500C0079331D /* Resources */ = {
			isa = PBXResourcesBuildPhase;
			buildActionMask = 2147483647;
			files = (
				4F966C9124D850100079331D /* LaunchScreen.storyboard in Resources */,
				4F966C8E24D850100079331D /* Assets.xcassets in Resources */,
				4F966C8C24D8500D0079331D /* Main.storyboard in Resources */,
			);
			runOnlyForDeploymentPostprocessing = 0;
		};
/* End PBXResourcesBuildPhase section */

/* Begin PBXSourcesBuildPhase section */
		4F966C7D24D8500C0079331D /* Sources */ = {
			isa = PBXSourcesBuildPhase;
			buildActionMask = 2147483647;
			files = (
				4F966C9B24D85D460079331D /* Pot.swift in Sources */,
				4F966C8924D8500D0079331D /* ViewController.swift in Sources */,
				4F966C8524D8500D0079331D /* AppDelegate.swift in Sources */,
				4F966C8724D8500D0079331D /* SceneDelegate.swift in Sources */,
				4F966C9D24D8E7460079331D /* Player.swift in Sources */,
				4F966C9924D852080079331D /* Game.swift in Sources */,
			);
			runOnlyForDeploymentPostprocessing = 0;
		};
/* End PBXSourcesBuildPhase section */

/* Begin PBXVariantGroup section */
		4F966C8A24D8500D0079331D /* Main.storyboard */ = {
			isa = PBXVariantGroup;
			children = (
				4F966C8B24D8500D0079331D /* Base */,
			);
			name = Main.storyboard;
			sourceTree = "<group>";
		};
		4F966C8F24D850100079331D /* LaunchScreen.storyboard */ = {
			isa = PBXVariantGroup;
			children = (
				4F966C9024D850100079331D /* Base */,
			);
			name = LaunchScreen.storyboard;
			sourceTree = "<group>";
		};
/* End PBXVariantGroup section */

/* Begin XCBuildConfiguration section */
		4F966C9324D850100079331D /* Debug */ = {
			isa = XCBuildConfiguration;
			buildSettings = {
				ALWAYS_SEARCH_USER_PATHS = NO;
				CLANG_ANALYZER_NONNULL = YES;
				CLANG_ANALYZER_NUMBER_OBJECT_CONVERSION = YES_AGGRESSIVE;
				CLANG_CXX_LANGUAGE_STANDARD = "gnu++14";
				CLANG_CXX_LIBRARY = "libc++";
				CLANG_ENABLE_MODULES = YES;
				CLANG_ENABLE_OBJC_ARC = YES;
				CLANG_ENABLE_OBJC_WEAK = YES;
				CLANG_WARN_BLOCK_CAPTURE_AUTORELEASING = YES;
				CLANG_WARN_BOOL_CONVERSION = YES;
				CLANG_WARN_COMMA = YES;
				CLANG_WARN_CONSTANT_CONVERSION = YES;
				CLANG_WARN_DEPRECATED_OBJC_IMPLEMENTATIONS = YES;
				CLANG_WARN_DIRECT_OBJC_ISA_USAGE = YES_ERROR;
				CLANG_WARN_DOCUMENTATION_COMMENTS = YES;
				CLANG_WARN_EMPTY_BODY = YES;
				CLANG_WARN_ENUM_CONVERSION = YES;
				CLANG_WARN_INFINITE_RECURSION = YES;
				CLANG_WARN_INT_CONVERSION = YES;
				CLANG_WARN_NON_LITERAL_NULL_CONVERSION = YES;
				CLANG_WARN_OBJC_IMPLICIT_RETAIN_SELF = YES;
				CLANG_WARN_OBJC_LITERAL_CONVERSION = YES;
				CLANG_WARN_OBJC_ROOT_CLASS = YES_ERROR;
				CLANG_WARN_RANGE_LOOP_ANALYSIS = YES;
				CLANG_WARN_STRICT_PROTOTYPES = YES;
				CLANG_WARN_SUSPICIOUS_MOVE = YES;
				CLANG_WARN_UNGUARDED_AVAILABILITY = YES_AGGRESSIVE;
				CLANG_WARN_UNREACHABLE_CODE = YES;
				CLANG_WARN__DUPLICATE_METHOD_MATCH = YES;
				COPY_PHASE_STRIP = NO;
				DEBUG_INFORMATION_FORMAT = dwarf;
				ENABLE_STRICT_OBJC_MSGSEND = YES;
				ENABLE_TESTABILITY = YES;
				GCC_C_LANGUAGE_STANDARD = gnu11;
				GCC_DYNAMIC_NO_PIC = NO;
				GCC_NO_COMMON_BLOCKS = YES;
				GCC_OPTIMIZATION_LEVEL = 0;
				GCC_PREPROCESSOR_DEFINITIONS = (
					"DEBUG=1",
					"$(inherited)",
				);
				GCC_WARN_64_TO_32_BIT_CONVERSION = YES;
				GCC_WARN_ABOUT_RETURN_TYPE = YES_ERROR;
				GCC_WARN_UNDECLARED_SELECTOR = YES;
				GCC_WARN_UNINITIALIZED_AUTOS = YES_AGGRESSIVE;
				GCC_WARN_UNUSED_FUNCTION = YES;
				GCC_WARN_UNUSED_VARIABLE = YES;
				IPHONEOS_DEPLOYMENT_TARGET = 13.5;
				MTL_ENABLE_DEBUG_INFO = INCLUDE_SOURCE;
				MTL_FAST_MATH = YES;
				ONLY_ACTIVE_ARCH = YES;
				SDKROOT = iphoneos;
				SWIFT_ACTIVE_COMPILATION_CONDITIONS = DEBUG;
				SWIFT_OPTIMIZATION_LEVEL = "-Onone";
			};
			name = Debug;
		};
		4F966C9424D850100079331D /* Release */ = {
			isa = XCBuildConfiguration;
			buildSettings = {
				ALWAYS_SEARCH_USER_PATHS = NO;
				CLANG_ANALYZER_NONNULL = YES;
				CLANG_ANALYZER_NUMBER_OBJECT_CONVERSION = YES_AGGRESSIVE;
				CLANG_CXX_LANGUAGE_STANDARD = "gnu++14";
				CLANG_CXX_LIBRARY = "libc++";
				CLANG_ENABLE_MODULES = YES;
				CLANG_ENABLE_OBJC_ARC = YES;
				CLANG_ENABLE_OBJC_WEAK = YES;
				CLANG_WARN_BLOCK_CAPTURE_AUTORELEASING = YES;
				CLANG_WARN_BOOL_CONVERSION = YES;
				CLANG_WARN_COMMA = YES;
				CLANG_WARN_CONSTANT_CONVERSION = YES;
				CLANG_WARN_DEPRECATED_OBJC_IMPLEMENTATIONS = YES;
				CLANG_WARN_DIRECT_OBJC_ISA_USAGE = YES_ERROR;
				CLANG_WARN_DOCUMENTATION_COMMENTS = YES;
				CLANG_WARN_EMPTY_BODY = YES;
				CLANG_WARN_ENUM_CONVERSION = YES;
				CLANG_WARN_INFINITE_RECURSION = YES;
				CLANG_WARN_INT_CONVERSION = YES;
				CLANG_WARN_NON_LITERAL_NULL_CONVERSION = YES;
				CLANG_WARN_OBJC_IMPLICIT_RETAIN_SELF = YES;
				CLANG_WARN_OBJC_LITERAL_CONVERSION = YES;
				CLANG_WARN_OBJC_ROOT_CLASS = YES_ERROR;
				CLANG_WARN_RANGE_LOOP_ANALYSIS = YES;
				CLANG_WARN_STRICT_PROTOTYPES = YES;
				CLANG_WARN_SUSPICIOUS_MOVE = YES;
				CLANG_WARN_UNGUARDED_AVAILABILITY = YES_AGGRESSIVE;
				CLANG_WARN_UNREACHABLE_CODE = YES;
				CLANG_WARN__DUPLICATE_METHOD_MATCH = YES;
				COPY_PHASE_STRIP = NO;
				DEBUG_INFORMATION_FORMAT = "dwarf-with-dsym";
				ENABLE_NS_ASSERTIONS = NO;
				ENABLE_STRICT_OBJC_MSGSEND = YES;
				GCC_C_LANGUAGE_STANDARD = gnu11;
				GCC_NO_COMMON_BLOCKS = YES;
				GCC_WARN_64_TO_32_BIT_CONVERSION = YES;
				GCC_WARN_ABOUT_RETURN_TYPE = YES_ERROR;
				GCC_WARN_UNDECLARED_SELECTOR = YES;
				GCC_WARN_UNINITIALIZED_AUTOS = YES_AGGRESSIVE;
				GCC_WARN_UNUSED_FUNCTION = YES;
				GCC_WARN_UNUSED_VARIABLE = YES;
				IPHONEOS_DEPLOYMENT_TARGET = 13.5;
				MTL_ENABLE_DEBUG_INFO = NO;
				MTL_FAST_MATH = YES;
				SDKROOT = iphoneos;
				SWIFT_COMPILATION_MODE = wholemodule;
				SWIFT_OPTIMIZATION_LEVEL = "-O";
				VALIDATE_PRODUCT = YES;
			};
			name = Release;
		};
		4F966C9624D850100079331D /* Debug */ = {
			isa = XCBuildConfiguration;
			buildSettings = {
				ASSETCATALOG_COMPILER_APPICON_NAME = AppIcon;
				CODE_SIGN_STYLE = Automatic;
				INFOPLIST_FILE = Ayo/Info.plist;
				LD_RUNPATH_SEARCH_PATHS = (
					"$(inherited)",
					"@executable_path/Frameworks",
				);
				PRODUCT_BUNDLE_IDENTIFIER = com.tomisin.Ayo;
				PRODUCT_NAME = "$(TARGET_NAME)";
				SWIFT_VERSION = 5.0;
				TARGETED_DEVICE_FAMILY = "1,2";
			};
			name = Debug;
		};
		4F966C9724D850100079331D /* Release */ = {
			isa = XCBuildConfiguration;
			buildSettings = {
				ASSETCATALOG_COMPILER_APPICON_NAME = AppIcon;
				CODE_SIGN_STYLE = Automatic;
				INFOPLIST_FILE = Ayo/Info.plist;
				LD_RUNPATH_SEARCH_PATHS = (
					"$(inherited)",
					"@executable_path/Frameworks",
				);
				PRODUCT_BUNDLE_IDENTIFIER = com.tomisin.Ayo;
				PRODUCT_NAME = "$(TARGET_NAME)";
				SWIFT_VERSION = 5.0;
				TARGETED_DEVICE_FAMILY = "1,2";
			};
			name = Release;
		};
/* End XCBuildConfiguration section */

/* Begin XCConfigurationList section */
		4F966C7C24D8500C0079331D /* Build configuration list for PBXProject "Ayo" */ = {
			isa = XCConfigurationList;
			buildConfigurations = (
				4F966C9324D850100079331D /* Debug */,
				4F966C9424D850100079331D /* Release */,
			);
			defaultConfigurationIsVisible = 0;
			defaultConfigurationName = Release;
		};
		4F966C9524D850100079331D /* Build configuration list for PBXNativeTarget "Ayo" */ = {
			isa = XCConfigurationList;
			buildConfigurations = (
				4F966C9624D850100079331D /* Debug */,
				4F966C9724D850100079331D /* Release */,
			);
			defaultConfigurationIsVisible = 0;
			defaultConfigurationName = Release;
		};
/* End XCConfigurationList section */
	};
	rootObject = 4F966C7924D8500C0079331D /* Project object */;
}
